
Microsoft Visual Studio Solution File, Format Version 12.00
# Visual Studio Version 17
VisualStudioVersion = 17.13.35931.197 d17.13
MinimumVisualStudioVersion = 10.0.40219.1
Project("{FAE04EC0-301F-11D3-BF4B-00C04F79EFBC}") = "Examen_II", "Examen_II\Examen_II.csproj", "{36A22A82-4734-456B-95F9-02D74813F548}"
EndProject
Global
	GlobalSection(SolutionConfigurationPlatforms) = preSolution
		Debug|Any CPU = Debug|Any CPU
		Release|Any CPU = Release|Any CPU
	EndGlobalSection
	GlobalSection(ProjectConfigurationPlatforms) = postSolution
		{36A22A82-4734-456B-95F9-02D74813F548}.Debug|Any CPU.ActiveCfg = Debug|Any CPU
		{36A22A82-4734-456B-95F9-02D74813F548}.Debug|Any CPU.Build.0 = Debug|Any CPU
		{36A22A82-4734-456B-95F9-02D74813F548}.Release|Any CPU.ActiveCfg = Release|Any CPU
		{36A22A82-4734-456B-95F9-02D74813F548}.Release|Any CPU.Build.0 = Release|Any CPU
	EndGlobalSection
	GlobalSection(SolutionProperties) = preSolution
		HideSolutionNode = FALSE
	EndGlobalSection
	GlobalSection(ExtensibilityGlobals) = postSolution
		SolutionGuid = {1FB168CE-B7F8-49B2-982F-3E07CEF6B6D6}
	EndGlobalSection
EndGlobal
